{
  "name": "top-1",
  "version": "1.0.0",
  "lockfileVersion": 3,
  "requires": true,
  "packages": {
    "": {
      "name": "top-1",
      "version": "1.0.0",
      "license": "ISC",
      "dependencies": {
        "change-case": "^5.2.0",
        "date-and-time": "^3.0.3",
        "format-currency": "^1.0.0",
        "snake-case": "^4.0.0"
      }
    },
    "node_modules/change-case": {
      "version": "5.4.4",
      "resolved": "https://registry.npmjs.org/change-case/-/change-case-5.4.4.tgz",
      "integrity": "sha512-HRQyTk2/YPEkt9TnUPbOpr64Uw3KOicFWPVBb+xiHvd6eBx/qPr9xqfBFDT8P2vWsvvz4jbEkfDe71W3VyNu2w==",
      "license": "MIT"
    },
    "node_modules/date-and-time": {
      "version": "3.6.0",
      "resolved": "https://registry.npmjs.org/date-and-time/-/date-and-time-3.6.0.tgz",
      "integrity": "sha512-V99gLaMqNQxPCObBumb31Bfy3OByXnpqUM0yHPi/aBQE61g42A2rGk6Z2CDnpLrWsOFLQwOgl4Vgshw6D44ebw==",
      "license": "MIT"
    },
    "node_modules/format-currency": {
      "version": "1.0.0",
      "resolved": "https://registry.npmjs.org/format-currency/-/format-currency-1.0.0.tgz",
      "integrity": "sha512-CDuhsqaP2jhlX81trjrDFbHk9Y6ibPRl/JQ5iPh9mwyplUcu+weVBHROCtTLm9qu/I4J474+2u1eQTCCAWIRxg==",
      "license": "MIT",
      "dependencies": {
        "format-num": "^1.0.0"
      }
    },
    "node_modules/format-num": {
      "version": "1.2.0",
      "resolved": "https://registry.npmjs.org/format-num/-/format-num-1.2.0.tgz",
      "integrity": "sha512-4FKRmc1FQYATFgZx5ZSTg3mCuWhfzepmQih+jlA9YIqA5fB8aCo3DhfReKgdFLuakNcWV3BHwPsO8S0OxzQLgQ==",
      "license": "MIT",
      "dependencies": {
        "parse-num": "^1.0.0"
      }
    },
    "node_modules/no-case": {
      "version": "4.0.0",
      "resolved": "https://registry.npmjs.org/no-case/-/no-case-4.0.0.tgz",
      "integrity": "sha512-WmS3EUGw+vXHlTgiUPi3NzbZNwH6+uGX0QLGgqG+aFSJ5rkX/Ee0nuwHBJfZTfQwwR8lGO819NEIwQ7CGhkdEQ==",
      "deprecated": "Use `change-case`",
      "license": "MIT"
    },
    "node_modules/parse-num": {
      "version": "1.0.0",
      "resolved": "https://registry.npmjs.org/parse-num/-/parse-num-1.0.0.tgz",
      "integrity": "sha512-WFqJDz9iL82aIb4INYBmxezx1F8eIQFRxMy4la+oHFxjBBRUcAJXNj/+jGouHy/1GIDZRiWeFNZOuII3UskPkQ==",
      "license": "MIT"
    },
    "node_modules/snake-case": {
      "version": "4.0.0",
      "resolved": "https://registry.npmjs.org/snake-case/-/snake-case-4.0.0.tgz",
      "integrity": "sha512-slvG6efKZ3GYUUZdhPOq/lLIqutwQ4TdPViD1VKqsbf0u76U/aPRswPKjOaAS9T7fAPmRmXuN6C/nM0xsMaFLQ==",
      "deprecated": "Use `change-case`",
      "license": "MIT",
      "dependencies": {
        "no-case": "^4.0.0"
      }
    }
  }
}
